
Microsoft Visual Studio Solution File, Format Version 12.00
# Visual Studio Version 16
VisualStudioVersion = 16.0.30128.74
MinimumVisualStudioVersion = 10.0.40219.1
Project("{9A19103F-16F7-4668-BE54-9A1E7A4F7556}") = "OrderProcessing.Api", "src\OrderProcessing.Api\OrderProcessing.Api.csproj", "{03C9B522-2C2D-4BB2-A23E-3186E092297E}"
EndProject
Project("{2150E333-8FDC-42A3-9474-1A3956D46DE8}") = "src", "src", "{DAB95FF2-A082-4C7F-B5C8-0DFB08551150}"
	ProjectSection(SolutionItems) = preProject
		docker-compose.yml = docker-compose.yml
	EndProjectSection
EndProject
Global
	GlobalSection(SolutionConfigurationPlatforms) = preSolution
		Debug|Any CPU = Debug|Any CPU
		Release|Any CPU = Release|Any CPU
	EndGlobalSection
	GlobalSection(ProjectConfigurationPlatforms) = postSolution
		{03C9B522-2C2D-4BB2-A23E-3186E092297E}.Debug|Any CPU.ActiveCfg = Debug|Any CPU
		{03C9B522-2C2D-4BB2-A23E-3186E092297E}.Debug|Any CPU.Build.0 = Debug|Any CPU
		{03C9B522-2C2D-4BB2-A23E-3186E092297E}.Release|Any CPU.ActiveCfg = Release|Any CPU
		{03C9B522-2C2D-4BB2-A23E-3186E092297E}.Release|Any CPU.Build.0 = Release|Any CPU
	EndGlobalSection
	GlobalSection(SolutionProperties) = preSolution
		HideSolutionNode = FALSE
	EndGlobalSection
	GlobalSection(NestedProjects) = preSolution
		{03C9B522-2C2D-4BB2-A23E-3186E092297E} = {DAB95FF2-A082-4C7F-B5C8-0DFB08551150}
	EndGlobalSection
	GlobalSection(ExtensibilityGlobals) = postSolution
		SolutionGuid = {A73DFAB3-B2BC-4641-B3AD-4A6FC6C61BE0}
	EndGlobalSection
EndGlobal
